// !$*UTF8*$!
{
	archiveVersion = 1;
	classes = {
	};
	objectVersion = 56;
	objects = {

/* Begin PBXBuildFile section */
		EC252AC22BC11F9E008C24BD /* AppDelegate.swift in Sources */ = {isa = PBXBuildFile; fileRef = EC252AC12BC11F9E008C24BD /* AppDelegate.swift */; };
		EC252AC42BC11F9E008C24BD /* SceneDelegate.swift in Sources */ = {isa = PBXBuildFile; fileRef = EC252AC32BC11F9E008C24BD /* SceneDelegate.swift */; };
		EC252ACB2BC11F9F008C24BD /* Assets.xcassets in Resources */ = {isa = PBXBuildFile; fileRef = EC252ACA2BC11F9F008C24BD /* Assets.xcassets */; };
		EC252ACE2BC11F9F008C24BD /* Base in Resources */ = {isa = PBXBuildFile; fileRef = EC252ACD2BC11F9F008C24BD /* Base */; };
		EC252ADA2BC12135008C24BD /* SearchViewController.swift in Sources */ = {isa = PBXBuildFile; fileRef = EC252AD92BC12135008C24BD /* SearchViewController.swift */; };
		EC252ADC2BC1213F008C24BD /* FavoriteViewController.swift in Sources */ = {isa = PBXBuildFile; fileRef = EC252ADB2BC1213F008C24BD /* FavoriteViewController.swift */; };
		EC252ADE2BC122E8008C24BD /* SearchView.swift in Sources */ = {isa = PBXBuildFile; fileRef = EC252ADD2BC122E8008C24BD /* SearchView.swift */; };
		EC252AE12BC1230B008C24BD /* BaseViewController.swift in Sources */ = {isa = PBXBuildFile; fileRef = EC252AE02BC1230B008C24BD /* BaseViewController.swift */; };
		EC252AE32BC12356008C24BD /* BaseView.swift in Sources */ = {isa = PBXBuildFile; fileRef = EC252AE22BC12356008C24BD /* BaseView.swift */; };
		EC252AE62BC12377008C24BD /* SnapKit in Frameworks */ = {isa = PBXBuildFile; productRef = EC252AE52BC12377008C24BD /* SnapKit */; };
		EC252AE92BC1238E008C24BD /* RxCocoa in Frameworks */ = {isa = PBXBuildFile; productRef = EC252AE82BC1238E008C24BD /* RxCocoa */; };
		EC252AEB2BC1238E008C24BD /* RxSwift in Frameworks */ = {isa = PBXBuildFile; productRef = EC252AEA2BC1238E008C24BD /* RxSwift */; };
		EC252AEE2BC12403008C24BD /* Realm in Frameworks */ = {isa = PBXBuildFile; productRef = EC252AED2BC12403008C24BD /* Realm */; };
		EC252AF02BC12403008C24BD /* RealmSwift in Frameworks */ = {isa = PBXBuildFile; productRef = EC252AEF2BC12403008C24BD /* RealmSwift */; };
		EC252AF22BC126AA008C24BD /* Resource.swift in Sources */ = {isa = PBXBuildFile; fileRef = EC252AF12BC126AA008C24BD /* Resource.swift */; };
		EC252AF42BC128FD008C24BD /* ResultTableViewCell.swift in Sources */ = {isa = PBXBuildFile; fileRef = EC252AF32BC128FD008C24BD /* ResultTableViewCell.swift */; };
		EC252AF62BC12930008C24BD /* TagCollectionViewCell.swift in Sources */ = {isa = PBXBuildFile; fileRef = EC252AF52BC12930008C24BD /* TagCollectionViewCell.swift */; };
		EC252AF82BC12943008C24BD /* Protocols.swift in Sources */ = {isa = PBXBuildFile; fileRef = EC252AF72BC12943008C24BD /* Protocols.swift */; };
		EC252AFA2BC12981008C24BD /* Extension+UIView.swift in Sources */ = {isa = PBXBuildFile; fileRef = EC252AF92BC12981008C24BD /* Extension+UIView.swift */; };
		EC252AFC2BC1358B008C24BD /* SearchViewModel.swift in Sources */ = {isa = PBXBuildFile; fileRef = EC252AFB2BC1358B008C24BD /* SearchViewModel.swift */; };
		EC252B002BC13871008C24BD /* iTunesAPIManager.swift in Sources */ = {isa = PBXBuildFile; fileRef = EC252AFF2BC13871008C24BD /* iTunesAPIManager.swift */; };
		EC252B022BC138A8008C24BD /* iTunesData.swift in Sources */ = {isa = PBXBuildFile; fileRef = EC252B012BC138A8008C24BD /* iTunesData.swift */; };
		EC252B052BC13D6E008C24BD /* Kingfisher in Frameworks */ = {isa = PBXBuildFile; productRef = EC252B042BC13D6E008C24BD /* Kingfisher */; };
		EC252B0A2BC148C3008C24BD /* UserDefaultsManager.swift in Sources */ = {isa = PBXBuildFile; fileRef = EC252B092BC148C2008C24BD /* UserDefaultsManager.swift */; };
		EC252B0C2BC169F9008C24BD /* ScreenShotCollectionViewCell.swift in Sources */ = {isa = PBXBuildFile; fileRef = EC252B0B2BC169F9008C24BD /* ScreenShotCollectionViewCell.swift */; };
/* End PBXBuildFile section */

/* Begin PBXFileReference section */
		EC252ABE2BC11F9E008C24BD /* iTunes.app */ = {isa = PBXFileReference; explicitFileType = wrapper.application; includeInIndex = 0; path = iTunes.app; sourceTree = BUILT_PRODUCTS_DIR; };
		EC252AC12BC11F9E008C24BD /* AppDelegate.swift */ = {isa = PBXFileReference; lastKnownFileType = sourcecode.swift; path = AppDelegate.swift; sourceTree = "<group>"; };
		EC252AC32BC11F9E008C24BD /* SceneDelegate.swift */ = {isa = PBXFileReference; lastKnownFileType = sourcecode.swift; path = SceneDelegate.swift; sourceTree = "<group>"; };
		EC252ACA2BC11F9F008C24BD /* Assets.xcassets */ = {isa = PBXFileReference; lastKnownFileType = folder.assetcatalog; path = Assets.xcassets; sourceTree = "<group>"; };
		EC252ACD2BC11F9F008C24BD /* Base */ = {isa = PBXFileReference; lastKnownFileType = file.storyboard; name = Base; path = Base.lproj/LaunchScreen.storyboard; sourceTree = "<group>"; };
		EC252ACF2BC11F9F008C24BD /* Info.plist */ = {isa = PBXFileReference; lastKnownFileType = text.plist.xml; path = Info.plist; sourceTree = "<group>"; };
		EC252AD92BC12135008C24BD /* SearchViewController.swift */ = {isa = PBXFileReference; lastKnownFileType = sourcecode.swift; path = SearchViewController.swift; sourceTree = "<group>"; };
		EC252ADB2BC1213F008C24BD /* FavoriteViewController.swift */ = {isa = PBXFileReference; lastKnownFileType = sourcecode.swift; path = FavoriteViewController.swift; sourceTree = "<group>"; };
		EC252ADD2BC122E8008C24BD /* SearchView.swift */ = {isa = PBXFileReference; lastKnownFileType = sourcecode.swift; path = SearchView.swift; sourceTree = "<group>"; };
		EC252AE02BC1230B008C24BD /* BaseViewController.swift */ = {isa = PBXFileReference; lastKnownFileType = sourcecode.swift; path = BaseViewController.swift; sourceTree = "<group>"; };
		EC252AE22BC12356008C24BD /* BaseView.swift */ = {isa = PBXFileReference; lastKnownFileType = sourcecode.swift; path = BaseView.swift; sourceTree = "<group>"; };
		EC252AF12BC126AA008C24BD /* Resource.swift */ = {isa = PBXFileReference; lastKnownFileType = sourcecode.swift; path = Resource.swift; sourceTree = "<group>"; };
		EC252AF32BC128FD008C24BD /* ResultTableViewCell.swift */ = {isa = PBXFileReference; lastKnownFileType = sourcecode.swift; path = ResultTableViewCell.swift; sourceTree = "<group>"; };
		EC252AF52BC12930008C24BD /* TagCollectionViewCell.swift */ = {isa = PBXFileReference; lastKnownFileType = sourcecode.swift; path = TagCollectionViewCell.swift; sourceTree = "<group>"; };
		EC252AF72BC12943008C24BD /* Protocols.swift */ = {isa = PBXFileReference; lastKnownFileType = sourcecode.swift; path = Protocols.swift; sourceTree = "<group>"; };
		EC252AF92BC12981008C24BD /* Extension+UIView.swift */ = {isa = PBXFileReference; lastKnownFileType = sourcecode.swift; path = "Extension+UIView.swift"; sourceTree = "<group>"; };
		EC252AFB2BC1358B008C24BD /* SearchViewModel.swift */ = {isa = PBXFileReference; lastKnownFileType = sourcecode.swift; path = SearchViewModel.swift; sourceTree = "<group>"; };
		EC252AFF2BC13871008C24BD /* iTunesAPIManager.swift */ = {isa = PBXFileReference; lastKnownFileType = sourcecode.swift; path = iTunesAPIManager.swift; sourceTree = "<group>"; };
		EC252B012BC138A8008C24BD /* iTunesData.swift */ = {isa = PBXFileReference; lastKnownFileType = sourcecode.swift; path = iTunesData.swift; sourceTree = "<group>"; };
		EC252B092BC148C2008C24BD /* UserDefaultsManager.swift */ = {isa = PBXFileReference; lastKnownFileType = sourcecode.swift; path = UserDefaultsManager.swift; sourceTree = "<group>"; };
		EC252B0B2BC169F9008C24BD /* ScreenShotCollectionViewCell.swift */ = {isa = PBXFileReference; lastKnownFileType = sourcecode.swift; path = ScreenShotCollectionViewCell.swift; sourceTree = "<group>"; };
/* End PBXFileReference section */

/* Begin PBXFrameworksBuildPhase section */
		EC252ABB2BC11F9E008C24BD /* Frameworks */ = {
			isa = PBXFrameworksBuildPhase;
			buildActionMask = 2147483647;
			files = (
				EC252B052BC13D6E008C24BD /* Kingfisher in Frameworks */,
				EC252AEB2BC1238E008C24BD /* RxSwift in Frameworks */,
				EC252AE92BC1238E008C24BD /* RxCocoa in Frameworks */,
				EC252AEE2BC12403008C24BD /* Realm in Frameworks */,
				EC252AF02BC12403008C24BD /* RealmSwift in Frameworks */,
				EC252AE62BC12377008C24BD /* SnapKit in Frameworks */,
			);
			runOnlyForDeploymentPostprocessing = 0;
		};
/* End PBXFrameworksBuildPhase section */

/* Begin PBXGroup section */
		EC252AB52BC11F9E008C24BD = {
			isa = PBXGroup;
			children = (
				EC252AC02BC11F9E008C24BD /* iTunes */,
				EC252ABF2BC11F9E008C24BD /* Products */,
			);
			sourceTree = "<group>";
		};
		EC252ABF2BC11F9E008C24BD /* Products */ = {
			isa = PBXGroup;
			children = (
				EC252ABE2BC11F9E008C24BD /* iTunes.app */,
			);
			name = Products;
			sourceTree = "<group>";
		};
		EC252AC02BC11F9E008C24BD /* iTunes */ = {
			isa = PBXGroup;
			children = (
				EC252ADF2BC122FD008C24BD /* Base */,
				EC252AFE2BC13853008C24BD /* API */,
				EC252AD72BC1211E008C24BD /* Search */,
				EC252AD82BC12124008C24BD /* Favorite */,
				EC252AC12BC11F9E008C24BD /* AppDelegate.swift */,
				EC252AC32BC11F9E008C24BD /* SceneDelegate.swift */,
				EC252ACA2BC11F9F008C24BD /* Assets.xcassets */,
				EC252ACC2BC11F9F008C24BD /* LaunchScreen.storyboard */,
				EC252ACF2BC11F9F008C24BD /* Info.plist */,
				EC252AF12BC126AA008C24BD /* Resource.swift */,
				EC252AF72BC12943008C24BD /* Protocols.swift */,
				EC252AF92BC12981008C24BD /* Extension+UIView.swift */,
				EC252B092BC148C2008C24BD /* UserDefaultsManager.swift */,
			);
			path = iTunes;
			sourceTree = "<group>";
		};
		EC252AD72BC1211E008C24BD /* Search */ = {
			isa = PBXGroup;
			children = (
				EC252AFD2BC1383A008C24BD /* Cell */,
				EC252ADD2BC122E8008C24BD /* SearchView.swift */,
				EC252AD92BC12135008C24BD /* SearchViewController.swift */,
				EC252AFB2BC1358B008C24BD /* SearchViewModel.swift */,
			);
			path = Search;
			sourceTree = "<group>";
		};
		EC252AD82BC12124008C24BD /* Favorite */ = {
			isa = PBXGroup;
			children = (
				EC252ADB2BC1213F008C24BD /* FavoriteViewController.swift */,
			);
			path = Favorite;
			sourceTree = "<group>";
		};
		EC252ADF2BC122FD008C24BD /* Base */ = {
			isa = PBXGroup;
			children = (
				EC252AE22BC12356008C24BD /* BaseView.swift */,
				EC252AE02BC1230B008C24BD /* BaseViewController.swift */,
			);
			path = Base;
			sourceTree = "<group>";
		};
		EC252AFD2BC1383A008C24BD /* Cell */ = {
			isa = PBXGroup;
			children = (
				EC252AF32BC128FD008C24BD /* ResultTableViewCell.swift */,
				EC252AF52BC12930008C24BD /* TagCollectionViewCell.swift */,
				EC252B0B2BC169F9008C24BD /* ScreenShotCollectionViewCell.swift */,
			);
			path = Cell;
			sourceTree = "<group>";
		};
		EC252AFE2BC13853008C24BD /* API */ = {
			isa = PBXGroup;
			children = (
				EC252B012BC138A8008C24BD /* iTunesData.swift */,
				EC252AFF2BC13871008C24BD /* iTunesAPIManager.swift */,
			);
			path = API;
			sourceTree = "<group>";
		};
/* End PBXGroup section */

/* Begin PBXNativeTarget section */
		EC252ABD2BC11F9E008C24BD /* iTunes */ = {
			isa = PBXNativeTarget;
			buildConfigurationList = EC252AD22BC11F9F008C24BD /* Build configuration list for PBXNativeTarget "iTunes" */;
			buildPhases = (
				EC252ABA2BC11F9E008C24BD /* Sources */,
				EC252ABB2BC11F9E008C24BD /* Frameworks */,
				EC252ABC2BC11F9E008C24BD /* Resources */,
			);
			buildRules = (
			);
			dependencies = (
			);
			name = iTunes;
			packageProductDependencies = (
				EC252AE52BC12377008C24BD /* SnapKit */,
				EC252AE82BC1238E008C24BD /* RxCocoa */,
				EC252AEA2BC1238E008C24BD /* RxSwift */,
				EC252AED2BC12403008C24BD /* Realm */,
				EC252AEF2BC12403008C24BD /* RealmSwift */,
				EC252B042BC13D6E008C24BD /* Kingfisher */,
			);
			productName = iTunes;
			productReference = EC252ABE2BC11F9E008C24BD /* iTunes.app */;
			productType = "com.apple.product-type.application";
		};
/* End PBXNativeTarget section */

/* Begin PBXProject section */
		EC252AB62BC11F9E008C24BD /* Project object */ = {
			isa = PBXProject;
			attributes = {
				BuildIndependentTargetsInParallel = 1;
				LastSwiftUpdateCheck = 1530;
				LastUpgradeCheck = 1530;
				TargetAttributes = {
					EC252ABD2BC11F9E008C24BD = {
						CreatedOnToolsVersion = 15.3;
					};
				};
			};
			buildConfigurationList = EC252AB92BC11F9E008C24BD /* Build configuration list for PBXProject "iTunes" */;
			compatibilityVersion = "Xcode 14.0";
			developmentRegion = en;
			hasScannedForEncodings = 0;
			knownRegions = (
				en,
				Base,
			);
			mainGroup = EC252AB52BC11F9E008C24BD;
			packageReferences = (
				EC252AE42BC12377008C24BD /* XCRemoteSwiftPackageReference "SnapKit" */,
				EC252AE72BC1238E008C24BD /* XCRemoteSwiftPackageReference "RxSwift" */,
				EC252AEC2BC12403008C24BD /* XCRemoteSwiftPackageReference "realm-swift" */,
				EC252B032BC13D6E008C24BD /* XCRemoteSwiftPackageReference "Kingfisher" */,
			);
			productRefGroup = EC252ABF2BC11F9E008C24BD /* Products */;
			projectDirPath = "";
			projectRoot = "";
			targets = (
				EC252ABD2BC11F9E008C24BD /* iTunes */,
			);
		};
/* End PBXProject section */

/* Begin PBXResourcesBuildPhase section */
		EC252ABC2BC11F9E008C24BD /* Resources */ = {
			isa = PBXResourcesBuildPhase;
			buildActionMask = 2147483647;
			files = (
				EC252ACB2BC11F9F008C24BD /* Assets.xcassets in Resources */,
				EC252ACE2BC11F9F008C24BD /* Base in Resources */,
			);
			runOnlyForDeploymentPostprocessing = 0;
		};
/* End PBXResourcesBuildPhase section */

/* Begin PBXSourcesBuildPhase section */
		EC252ABA2BC11F9E008C24BD /* Sources */ = {
			isa = PBXSourcesBuildPhase;
			buildActionMask = 2147483647;
			files = (
				EC252B0C2BC169F9008C24BD /* ScreenShotCollectionViewCell.swift in Sources */,
				EC252AF42BC128FD008C24BD /* ResultTableViewCell.swift in Sources */,
				EC252ADE2BC122E8008C24BD /* SearchView.swift in Sources */,
				EC252B022BC138A8008C24BD /* iTunesData.swift in Sources */,
				EC252AFA2BC12981008C24BD /* Extension+UIView.swift in Sources */,
				EC252AF22BC126AA008C24BD /* Resource.swift in Sources */,
				EC252AF82BC12943008C24BD /* Protocols.swift in Sources */,
				EC252B0A2BC148C3008C24BD /* UserDefaultsManager.swift in Sources */,
				EC252AFC2BC1358B008C24BD /* SearchViewModel.swift in Sources */,
				EC252ADA2BC12135008C24BD /* SearchViewController.swift in Sources */,
				EC252AF62BC12930008C24BD /* TagCollectionViewCell.swift in Sources */,
				EC252AC22BC11F9E008C24BD /* AppDelegate.swift in Sources */,
				EC252ADC2BC1213F008C24BD /* FavoriteViewController.swift in Sources */,
				EC252B002BC13871008C24BD /* iTunesAPIManager.swift in Sources */,
				EC252AE32BC12356008C24BD /* BaseView.swift in Sources */,
				EC252AC42BC11F9E008C24BD /* SceneDelegate.swift in Sources */,
				EC252AE12BC1230B008C24BD /* BaseViewController.swift in Sources */,
			);
			runOnlyForDeploymentPostprocessing = 0;
		};
/* End PBXSourcesBuildPhase section */

/* Begin PBXVariantGroup section */
		EC252ACC2BC11F9F008C24BD /* LaunchScreen.storyboard */ = {
			isa = PBXVariantGroup;
			children = (
				EC252ACD2BC11F9F008C24BD /* Base */,
			);
			name = LaunchScreen.storyboard;
			sourceTree = "<group>";
		};
/* End PBXVariantGroup section */

/* Begin XCBuildConfiguration section */
		EC252AD02BC11F9F008C24BD /* Debug */ = {
			isa = XCBuildConfiguration;
			buildSettings = {
				ALWAYS_SEARCH_USER_PATHS = NO;
				ASSETCATALOG_COMPILER_GENERATE_SWIFT_ASSET_SYMBOL_EXTENSIONS = YES;
				CLANG_ANALYZER_NONNULL = YES;
				CLANG_ANALYZER_NUMBER_OBJECT_CONVERSION = YES_AGGRESSIVE;
				CLANG_CXX_LANGUAGE_STANDARD = "gnu++20";
				CLANG_ENABLE_MODULES = YES;
				CLANG_ENABLE_OBJC_ARC = YES;
				CLANG_ENABLE_OBJC_WEAK = YES;
				CLANG_WARN_BLOCK_CAPTURE_AUTORELEASING = YES;
				CLANG_WARN_BOOL_CONVERSION = YES;
				CLANG_WARN_COMMA = YES;
				CLANG_WARN_CONSTANT_CONVERSION = YES;
				CLANG_WARN_DEPRECATED_OBJC_IMPLEMENTATIONS = YES;
				CLANG_WARN_DIRECT_OBJC_ISA_USAGE = YES_ERROR;
				CLANG_WARN_DOCUMENTATION_COMMENTS = YES;
				CLANG_WARN_EMPTY_BODY = YES;
				CLANG_WARN_ENUM_CONVERSION = YES;
				CLANG_WARN_INFINITE_RECURSION = YES;
				CLANG_WARN_INT_CONVERSION = YES;
				CLANG_WARN_NON_LITERAL_NULL_CONVERSION = YES;
				CLANG_WARN_OBJC_IMPLICIT_RETAIN_SELF = YES;
				CLANG_WARN_OBJC_LITERAL_CONVERSION = YES;
				CLANG_WARN_OBJC_ROOT_CLASS = YES_ERROR;
				CLANG_WARN_QUOTED_INCLUDE_IN_FRAMEWORK_HEADER = YES;
				CLANG_WARN_RANGE_LOOP_ANALYSIS = YES;
				CLANG_WARN_STRICT_PROTOTYPES = YES;
				CLANG_WARN_SUSPICIOUS_MOVE = YES;
				CLANG_WARN_UNGUARDED_AVAILABILITY = YES_AGGRESSIVE;
				CLANG_WARN_UNREACHABLE_CODE = YES;
				CLANG_WARN__DUPLICATE_METHOD_MATCH = YES;
				COPY_PHASE_STRIP = NO;
				DEBUG_INFORMATION_FORMAT = dwarf;
				ENABLE_STRICT_OBJC_MSGSEND = YES;
				ENABLE_TESTABILITY = YES;
				ENABLE_USER_SCRIPT_SANDBOXING = YES;
				GCC_C_LANGUAGE_STANDARD = gnu17;
				GCC_DYNAMIC_NO_PIC = NO;
				GCC_NO_COMMON_BLOCKS = YES;
				GCC_OPTIMIZATION_LEVEL = 0;
				GCC_PREPROCESSOR_DEFINITIONS = (
					"DEBUG=1",
					"$(inherited)",
				);
				GCC_WARN_64_TO_32_BIT_CONVERSION = YES;
				GCC_WARN_ABOUT_RETURN_TYPE = YES_ERROR;
				GCC_WARN_UNDECLARED_SELECTOR = YES;
				GCC_WARN_UNINITIALIZED_AUTOS = YES_AGGRESSIVE;
				GCC_WARN_UNUSED_FUNCTION = YES;
				GCC_WARN_UNUSED_VARIABLE = YES;
				IPHONEOS_DEPLOYMENT_TARGET = 17.4;
				LOCALIZATION_PREFERS_STRING_CATALOGS = YES;
				MTL_ENABLE_DEBUG_INFO = INCLUDE_SOURCE;
				MTL_FAST_MATH = YES;
				ONLY_ACTIVE_ARCH = YES;
				SDKROOT = iphoneos;
				SWIFT_ACTIVE_COMPILATION_CONDITIONS = "DEBUG $(inherited)";
				SWIFT_OPTIMIZATION_LEVEL = "-Onone";
			};
			name = Debug;
		};
		EC252AD12BC11F9F008C24BD /* Release */ = {
			isa = XCBuildConfiguration;
			buildSettings = {
				ALWAYS_SEARCH_USER_PATHS = NO;
				ASSETCATALOG_COMPILER_GENERATE_SWIFT_ASSET_SYMBOL_EXTENSIONS = YES;
				CLANG_ANALYZER_NONNULL = YES;
				CLANG_ANALYZER_NUMBER_OBJECT_CONVERSION = YES_AGGRESSIVE;
				CLANG_CXX_LANGUAGE_STANDARD = "gnu++20";
				CLANG_ENABLE_MODULES = YES;
				CLANG_ENABLE_OBJC_ARC = YES;
				CLANG_ENABLE_OBJC_WEAK = YES;
				CLANG_WARN_BLOCK_CAPTURE_AUTORELEASING = YES;
				CLANG_WARN_BOOL_CONVERSION = YES;
				CLANG_WARN_COMMA = YES;
				CLANG_WARN_CONSTANT_CONVERSION = YES;
				CLANG_WARN_DEPRECATED_OBJC_IMPLEMENTATIONS = YES;
				CLANG_WARN_DIRECT_OBJC_ISA_USAGE = YES_ERROR;
				CLANG_WARN_DOCUMENTATION_COMMENTS = YES;
				CLANG_WARN_EMPTY_BODY = YES;
				CLANG_WARN_ENUM_CONVERSION = YES;
				CLANG_WARN_INFINITE_RECURSION = YES;
				CLANG_WARN_INT_CONVERSION = YES;
				CLANG_WARN_NON_LITERAL_NULL_CONVERSION = YES;
				CLANG_WARN_OBJC_IMPLICIT_RETAIN_SELF = YES;
				CLANG_WARN_OBJC_LITERAL_CONVERSION = YES;
				CLANG_WARN_OBJC_ROOT_CLASS = YES_ERROR;
				CLANG_WARN_QUOTED_INCLUDE_IN_FRAMEWORK_HEADER = YES;
				CLANG_WARN_RANGE_LOOP_ANALYSIS = YES;
				CLANG_WARN_STRICT_PROTOTYPES = YES;
				CLANG_WARN_SUSPICIOUS_MOVE = YES;
				CLANG_WARN_UNGUARDED_AVAILABILITY = YES_AGGRESSIVE;
				CLANG_WARN_UNREACHABLE_CODE = YES;
				CLANG_WARN__DUPLICATE_METHOD_MATCH = YES;
				COPY_PHASE_STRIP = NO;
				DEBUG_INFORMATION_FORMAT = "dwarf-with-dsym";
				ENABLE_NS_ASSERTIONS = NO;
				ENABLE_STRICT_OBJC_MSGSEND = YES;
				ENABLE_USER_SCRIPT_SANDBOXING = YES;
				GCC_C_LANGUAGE_STANDARD = gnu17;
				GCC_NO_COMMON_BLOCKS = YES;
				GCC_WARN_64_TO_32_BIT_CONVERSION = YES;
				GCC_WARN_ABOUT_RETURN_TYPE = YES_ERROR;
				GCC_WARN_UNDECLARED_SELECTOR = YES;
				GCC_WARN_UNINITIALIZED_AUTOS = YES_AGGRESSIVE;
				GCC_WARN_UNUSED_FUNCTION = YES;
				GCC_WARN_UNUSED_VARIABLE = YES;
				IPHONEOS_DEPLOYMENT_TARGET = 17.4;
				LOCALIZATION_PREFERS_STRING_CATALOGS = YES;
				MTL_ENABLE_DEBUG_INFO = NO;
				MTL_FAST_MATH = YES;
				SDKROOT = iphoneos;
				SWIFT_COMPILATION_MODE = wholemodule;
				VALIDATE_PRODUCT = YES;
			};
			name = Release;
		};
		EC252AD32BC11F9F008C24BD /* Debug */ = {
			isa = XCBuildConfiguration;
			buildSettings = {
				ASSETCATALOG_COMPILER_APPICON_NAME = AppIcon;
				ASSETCATALOG_COMPILER_GLOBAL_ACCENT_COLOR_NAME = AccentColor;
				CODE_SIGN_STYLE = Automatic;
				CURRENT_PROJECT_VERSION = 1;
				DEVELOPMENT_TEAM = 9G88QGSLX7;
				GENERATE_INFOPLIST_FILE = YES;
				INFOPLIST_FILE = iTunes/Info.plist;
				INFOPLIST_KEY_UIApplicationSupportsIndirectInputEvents = YES;
				INFOPLIST_KEY_UILaunchStoryboardName = LaunchScreen;
				INFOPLIST_KEY_UIMainStoryboardFile = "";
				INFOPLIST_KEY_UISupportedInterfaceOrientations = UIInterfaceOrientationPortrait;
				INFOPLIST_KEY_UISupportedInterfaceOrientations_iPad = "UIInterfaceOrientationLandscapeLeft UIInterfaceOrientationLandscapeRight UIInterfaceOrientationPortrait UIInterfaceOrientationPortraitUpsideDown";
				IPHONEOS_DEPLOYMENT_TARGET = 16.0;
				LD_RUNPATH_SEARCH_PATHS = (
					"$(inherited)",
					"@executable_path/Frameworks",
				);
				MARKETING_VERSION = 1.0;
				PRODUCT_BUNDLE_IDENTIFIER = com.olraedev.iTunes;
				PRODUCT_NAME = "$(TARGET_NAME)";
				SUPPORTED_PLATFORMS = "iphoneos iphonesimulator";
				SUPPORTS_MACCATALYST = NO;
				SUPPORTS_MAC_DESIGNED_FOR_IPHONE_IPAD = NO;
				SUPPORTS_XR_DESIGNED_FOR_IPHONE_IPAD = NO;
				SWIFT_EMIT_LOC_STRINGS = YES;
				SWIFT_VERSION = 5.0;
				TARGETED_DEVICE_FAMILY = 1;
			};
			name = Debug;
		};
		EC252AD42BC11F9F008C24BD /* Release */ = {
			isa = XCBuildConfiguration;
			buildSettings = {
				ASSETCATALOG_COMPILER_APPICON_NAME = AppIcon;
				ASSETCATALOG_COMPILER_GLOBAL_ACCENT_COLOR_NAME = AccentColor;
				CODE_SIGN_STYLE = Automatic;
				CURRENT_PROJECT_VERSION = 1;
				DEVELOPMENT_TEAM = 9G88QGSLX7;
				GENERATE_INFOPLIST_FILE = YES;
				INFOPLIST_FILE = iTunes/Info.plist;
				INFOPLIST_KEY_UIApplicationSupportsIndirectInputEvents = YES;
				INFOPLIST_KEY_UILaunchStoryboardName = LaunchScreen;
				INFOPLIST_KEY_UIMainStoryboardFile = "";
				INFOPLIST_KEY_UISupportedInterfaceOrientations = UIInterfaceOrientationPortrait;
				INFOPLIST_KEY_UISupportedInterfaceOrientations_iPad = "UIInterfaceOrientationLandscapeLeft UIInterfaceOrientationLandscapeRight UIInterfaceOrientationPortrait UIInterfaceOrientationPortraitUpsideDown";
				IPHONEOS_DEPLOYMENT_TARGET = 16.0;
				LD_RUNPATH_SEARCH_PATHS = (
					"$(inherited)",
					"@executable_path/Frameworks",
				);
				MARKETING_VERSION = 1.0;
				PRODUCT_BUNDLE_IDENTIFIER = com.olraedev.iTunes;
				PRODUCT_NAME = "$(TARGET_NAME)";
				SUPPORTED_PLATFORMS = "iphoneos iphonesimulator";
				SUPPORTS_MACCATALYST = NO;
				SUPPORTS_MAC_DESIGNED_FOR_IPHONE_IPAD = NO;
				SUPPORTS_XR_DESIGNED_FOR_IPHONE_IPAD = NO;
				SWIFT_EMIT_LOC_STRINGS = YES;
				SWIFT_VERSION = 5.0;
				TARGETED_DEVICE_FAMILY = 1;
			};
			name = Release;
		};
/* End XCBuildConfiguration section */

/* Begin XCConfigurationList section */
		EC252AB92BC11F9E008C24BD /* Build configuration list for PBXProject "iTunes" */ = {
			isa = XCConfigurationList;
			buildConfigurations = (
				EC252AD02BC11F9F008C24BD /* Debug */,
				EC252AD12BC11F9F008C24BD /* Release */,
			);
			defaultConfigurationIsVisible = 0;
			defaultConfigurationName = Release;
		};
		EC252AD22BC11F9F008C24BD /* Build configuration list for PBXNativeTarget "iTunes" */ = {
			isa = XCConfigurationList;
			buildConfigurations = (
				EC252AD32BC11F9F008C24BD /* Debug */,
				EC252AD42BC11F9F008C24BD /* Release */,
			);
			defaultConfigurationIsVisible = 0;
			defaultConfigurationName = Release;
		};
/* End XCConfigurationList section */

/* Begin XCRemoteSwiftPackageReference section */
		EC252AE42BC12377008C24BD /* XCRemoteSwiftPackageReference "SnapKit" */ = {
			isa = XCRemoteSwiftPackageReference;
			repositoryURL = "https://github.com/SnapKit/SnapKit.git";
			requirement = {
				kind = upToNextMajorVersion;
				minimumVersion = 5.7.1;
			};
		};
		EC252AE72BC1238E008C24BD /* XCRemoteSwiftPackageReference "RxSwift" */ = {
			isa = XCRemoteSwiftPackageReference;
			repositoryURL = "https://github.com/ReactiveX/RxSwift.git";
			requirement = {
				kind = upToNextMajorVersion;
				minimumVersion = 6.6.0;
			};
		};
		EC252AEC2BC12403008C24BD /* XCRemoteSwiftPackageReference "realm-swift" */ = {
			isa = XCRemoteSwiftPackageReference;
			repositoryURL = "https://github.com/realm/realm-swift.git";
			requirement = {
				kind = exactVersion;
				version = 10.49.1;
			};
		};
		EC252B032BC13D6E008C24BD /* XCRemoteSwiftPackageReference "Kingfisher" */ = {
			isa = XCRemoteSwiftPackageReference;
			repositoryURL = "https://github.com/onevcat/Kingfisher.git";
			requirement = {
				kind = upToNextMajorVersion;
				minimumVersion = 7.11.0;
			};
		};
/* End XCRemoteSwiftPackageReference section */

/* Begin XCSwiftPackageProductDependency section */
		EC252AE52BC12377008C24BD /* SnapKit */ = {
			isa = XCSwiftPackageProductDependency;
			package = EC252AE42BC12377008C24BD /* XCRemoteSwiftPackageReference "SnapKit" */;
			productName = SnapKit;
		};
		EC252AE82BC1238E008C24BD /* RxCocoa */ = {
			isa = XCSwiftPackageProductDependency;
			package = EC252AE72BC1238E008C24BD /* XCRemoteSwiftPackageReference "RxSwift" */;
			productName = RxCocoa;
		};
		EC252AEA2BC1238E008C24BD /* RxSwift */ = {
			isa = XCSwiftPackageProductDependency;
			package = EC252AE72BC1238E008C24BD /* XCRemoteSwiftPackageReference "RxSwift" */;
			productName = RxSwift;
		};
		EC252AED2BC12403008C24BD /* Realm */ = {
			isa = XCSwiftPackageProductDependency;
			package = EC252AEC2BC12403008C24BD /* XCRemoteSwiftPackageReference "realm-swift" */;
			productName = Realm;
		};
		EC252AEF2BC12403008C24BD /* RealmSwift */ = {
			isa = XCSwiftPackageProductDependency;
			package = EC252AEC2BC12403008C24BD /* XCRemoteSwiftPackageReference "realm-swift" */;
			productName = RealmSwift;
		};
		EC252B042BC13D6E008C24BD /* Kingfisher */ = {
			isa = XCSwiftPackageProductDependency;
			package = EC252B032BC13D6E008C24BD /* XCRemoteSwiftPackageReference "Kingfisher" */;
			productName = Kingfisher;
		};
/* End XCSwiftPackageProductDependency section */
	};
	rootObject = EC252AB62BC11F9E008C24BD /* Project object */;
}
